{
  "pins" : [
    {
      "identity" : "argparser",
      "kind" : "remoteSourceControl",
      "location" : "https://github.com/rwtodd/ArgParser.git",
      "state" : {
        "revision" : "5005f17ce1c37549d868697dabe310ebfab708fc",
        "version" : "1.1.0"
      }
    }
  ],
  "version" : 2
}
