{
  "pins" : [
    {
      "identity" : "argparser",
      "kind" : "remoteSourceControl",
      "location" : "https://github.com/rwtodd/ArgParser.git",
      "state" : {
        "revision" : "012d9c16d74f4e5209d7f6f9649754128a9d2a38",
        "version" : "1.0.2"
      }
    }
  ],
  "version" : 2
}
