{
  "pins" : [
    {
      "identity" : "argparser",
      "kind" : "remoteSourceControl",
      "location" : "https://github.com/rwtodd/ArgParser.git",
      "state" : {
        "revision" : "54776a7497f2a6fddc59234da289e345e6c512bc",
        "version" : "1.1.1"
      }
    }
  ],
  "version" : 2
}
